
Microsoft Visual Studio Solution File, Format Version 12.00
# Visual Studio 15
VisualStudioVersion = 15.0.28307.852
MinimumVisualStudioVersion = 10.0.40219.1
Project("{FAE04EC0-301F-11D3-BF4B-00C04F79EFBC}") = "FauwWebApp", "FauwWebApp\FauwWebApp.csproj", "{1E26E287-C2F4-4499-A6F9-6B9E7BEE5636}"
EndProject
Project("{FAE04EC0-301F-11D3-BF4B-00C04F79EFBC}") = "QueuingService", "QueuingService\QueuingService.csproj", "{857F7580-C64A-4301-8562-D5F2CE3E90C4}"
EndProject
Project("{FAE04EC0-301F-11D3-BF4B-00C04F79EFBC}") = "QueuingServiceConsole", "QueuingServiceConsole\QueuingServiceConsole.csproj", "{679CB549-E48D-400A-BF62-3ACAC924D139}"
EndProject
Global
	GlobalSection(SolutionConfigurationPlatforms) = preSolution
		Debug|Any CPU = Debug|Any CPU
		Release|Any CPU = Release|Any CPU
	EndGlobalSection
	GlobalSection(ProjectConfigurationPlatforms) = postSolution
		{1E26E287-C2F4-4499-A6F9-6B9E7BEE5636}.Debug|Any CPU.ActiveCfg = Debug|Any CPU
		{1E26E287-C2F4-4499-A6F9-6B9E7BEE5636}.Debug|Any CPU.Build.0 = Debug|Any CPU
		{1E26E287-C2F4-4499-A6F9-6B9E7BEE5636}.Release|Any CPU.ActiveCfg = Release|Any CPU
		{1E26E287-C2F4-4499-A6F9-6B9E7BEE5636}.Release|Any CPU.Build.0 = Release|Any CPU
		{857F7580-C64A-4301-8562-D5F2CE3E90C4}.Debug|Any CPU.ActiveCfg = Debug|Any CPU
		{857F7580-C64A-4301-8562-D5F2CE3E90C4}.Debug|Any CPU.Build.0 = Debug|Any CPU
		{857F7580-C64A-4301-8562-D5F2CE3E90C4}.Release|Any CPU.ActiveCfg = Release|Any CPU
		{857F7580-C64A-4301-8562-D5F2CE3E90C4}.Release|Any CPU.Build.0 = Release|Any CPU
		{679CB549-E48D-400A-BF62-3ACAC924D139}.Debug|Any CPU.ActiveCfg = Debug|Any CPU
		{679CB549-E48D-400A-BF62-3ACAC924D139}.Debug|Any CPU.Build.0 = Debug|Any CPU
		{679CB549-E48D-400A-BF62-3ACAC924D139}.Release|Any CPU.ActiveCfg = Release|Any CPU
		{679CB549-E48D-400A-BF62-3ACAC924D139}.Release|Any CPU.Build.0 = Release|Any CPU
	EndGlobalSection
	GlobalSection(SolutionProperties) = preSolution
		HideSolutionNode = FALSE
	EndGlobalSection
	GlobalSection(ExtensibilityGlobals) = postSolution
		SolutionGuid = {FE7B58AF-A97C-41C3-8139-FCA2C204965B}
	EndGlobalSection
EndGlobal
